Microsoft Visual Studio Solution File, Format Version 12.00
# Visual Studio 15
VisualStudioVersion = 15.0.28307.168
MinimumVisualStudioVersion = 10.0.40219.1
Project("{FAE04EC0-301F-11D3-BF4B-00C04F79EFBC}") = "ToolTipSample.Android", "ToolTipSample.Android\ToolTipSample.Android.csproj", "{3E700971-1A15-422D-9667-0E55CB8A305B}"
EndProject
Project("{FAE04EC0-301F-11D3-BF4B-00C04F79EFBC}") = "ToolTipSample.iOS", "ToolTipSample.iOS\ToolTipSample.iOS.csproj", "{948DB108-F965-418A-B674-9CD1FBC9E16A}"
EndProject
Project("{9A19103F-16F7-4668-BE54-9A1E7A4F7556}") = "ToolTipSample", "ToolTipSample\ToolTipSample.csproj", "{7C55F687-9F4A-4BA5-BACB-59117B85AB3D}"
EndProject
Global
	GlobalSection(SolutionConfigurationPlatforms) = preSolution
		Ad-Hoc|Any CPU = Ad-Hoc|Any CPU
		Ad-Hoc|iPhone = Ad-Hoc|iPhone
		Ad-Hoc|iPhoneSimulator = Ad-Hoc|iPhoneSimulator
		AppStore|Any CPU = AppStore|Any CPU
		AppStore|iPhone = AppStore|iPhone
		AppStore|iPhoneSimulator = AppStore|iPhoneSimulator
		Debug|Any CPU = Debug|Any CPU
		Debug|iPhone = Debug|iPhone
		Debug|iPhoneSimulator = Debug|iPhoneSimulator
		Release|Any CPU = Release|Any CPU
		Release|iPhone = Release|iPhone
		Release|iPhoneSimulator = Release|iPhoneSimulator
	EndGlobalSection
	GlobalSection(ProjectConfigurationPlatforms) = postSolution
		{3E700971-1A15-422D-9667-0E55CB8A305B}.Ad-Hoc|Any CPU.ActiveCfg = Release|Any CPU
		{3E700971-1A15-422D-9667-0E55CB8A305B}.Ad-Hoc|Any CPU.Build.0 = Release|Any CPU
		{3E700971-1A15-422D-9667-0E55CB8A305B}.Ad-Hoc|Any CPU.Deploy.0 = Release|Any CPU
		{3E700971-1A15-422D-9667-0E55CB8A305B}.Ad-Hoc|iPhone.ActiveCfg = Debug|Any CPU
		{3E700971-1A15-422D-9667-0E55CB8A305B}.Ad-Hoc|iPhone.Build.0 = Debug|Any CPU
		{3E700971-1A15-422D-9667-0E55CB8A305B}.Ad-Hoc|iPhoneSimulator.ActiveCfg = Release|Any CPU
		{3E700971-1A15-422D-9667-0E55CB8A305B}.Ad-Hoc|iPhoneSimulator.Build.0 = Release|Any CPU
		{3E700971-1A15-422D-9667-0E55CB8A305B}.Ad-Hoc|iPhoneSimulator.Deploy.0 = Release|Any CPU
		{3E700971-1A15-422D-9667-0E55CB8A305B}.AppStore|Any CPU.ActiveCfg = Release|Any CPU
		{3E700971-1A15-422D-9667-0E55CB8A305B}.AppStore|Any CPU.Build.0 = Release|Any CPU
		{3E700971-1A15-422D-9667-0E55CB8A305B}.AppStore|Any CPU.Deploy.0 = Release|Any CPU
		{3E700971-1A15-422D-9667-0E55CB8A305B}.AppStore|iPhone.ActiveCfg = Debug|Any CPU
		{3E700971-1A15-422D-9667-0E55CB8A305B}.AppStore|iPhone.Build.0 = Debug|Any CPU
		{3E700971-1A15-422D-9667-0E55CB8A305B}.AppStore|iPhoneSimulator.ActiveCfg = Release|Any CPU
		{3E700971-1A15-422D-9667-0E55CB8A305B}.AppStore|iPhoneSimulator.Build.0 = Release|Any CPU
		{3E700971-1A15-422D-9667-0E55CB8A305B}.AppStore|iPhoneSimulator.Deploy.0 = Release|Any CPU
		{3E700971-1A15-422D-9667-0E55CB8A305B}.Debug|Any CPU.ActiveCfg = Debug|Any CPU
		{3E700971-1A15-422D-9667-0E55CB8A305B}.Debug|Any CPU.Build.0 = Debug|Any CPU
		{3E700971-1A15-422D-9667-0E55CB8A305B}.Debug|iPhone.ActiveCfg = Debug|Any CPU
		{3E700971-1A15-422D-9667-0E55CB8A305B}.Debug|iPhone.Build.0 = Debug|Any CPU
		{3E700971-1A15-422D-9667-0E55CB8A305B}.Debug|iPhoneSimulator.ActiveCfg = Debug|Any CPU
		{3E700971-1A15-422D-9667-0E55CB8A305B}.Debug|iPhoneSimulator.Build.0 = Debug|Any CPU
		{3E700971-1A15-422D-9667-0E55CB8A305B}.Release|Any CPU.ActiveCfg = Release|Any CPU
		{3E700971-1A15-422D-9667-0E55CB8A305B}.Release|Any CPU.Build.0 = Release|Any CPU
		{3E700971-1A15-422D-9667-0E55CB8A305B}.Release|iPhone.ActiveCfg = Release|Any CPU
		{3E700971-1A15-422D-9667-0E55CB8A305B}.Release|iPhone.Build.0 = Release|Any CPU
		{3E700971-1A15-422D-9667-0E55CB8A305B}.Release|iPhoneSimulator.ActiveCfg = Release|Any CPU
		{3E700971-1A15-422D-9667-0E55CB8A305B}.Release|iPhoneSimulator.Build.0 = Release|Any CPU
		{948DB108-F965-418A-B674-9CD1FBC9E16A}.Ad-Hoc|Any CPU.ActiveCfg = Ad-Hoc|iPhoneSimulator
		{948DB108-F965-418A-B674-9CD1FBC9E16A}.Ad-Hoc|iPhone.ActiveCfg = Ad-Hoc|iPhone
		{948DB108-F965-418A-B674-9CD1FBC9E16A}.Ad-Hoc|iPhone.Build.0 = Ad-Hoc|iPhone
		{948DB108-F965-418A-B674-9CD1FBC9E16A}.Ad-Hoc|iPhoneSimulator.ActiveCfg = Ad-Hoc|iPhoneSimulator
		{948DB108-F965-418A-B674-9CD1FBC9E16A}.Ad-Hoc|iPhoneSimulator.Build.0 = Ad-Hoc|iPhoneSimulator
		{948DB108-F965-418A-B674-9CD1FBC9E16A}.AppStore|Any CPU.ActiveCfg = AppStore|iPhoneSimulator
		{948DB108-F965-418A-B674-9CD1FBC9E16A}.AppStore|iPhone.ActiveCfg = AppStore|iPhone
		{948DB108-F965-418A-B674-9CD1FBC9E16A}.AppStore|iPhone.Build.0 = AppStore|iPhone
		{948DB108-F965-418A-B674-9CD1FBC9E16A}.AppStore|iPhoneSimulator.ActiveCfg = AppStore|iPhoneSimulator
		{948DB108-F965-418A-B674-9CD1FBC9E16A}.AppStore|iPhoneSimulator.Build.0 = AppStore|iPhoneSimulator
		{948DB108-F965-418A-B674-9CD1FBC9E16A}.Debug|Any CPU.ActiveCfg = Debug|iPhoneSimulator
		{948DB108-F965-418A-B674-9CD1FBC9E16A}.Debug|Any CPU.Build.0 = Debug|iPhoneSimulator
		{948DB108-F965-418A-B674-9CD1FBC9E16A}.Debug|iPhone.ActiveCfg = Debug|iPhone
		{948DB108-F965-418A-B674-9CD1FBC9E16A}.Debug|iPhone.Build.0 = Debug|iPhone
		{948DB108-F965-418A-B674-9CD1FBC9E16A}.Debug|iPhoneSimulator.ActiveCfg = Debug|iPhoneSimulator
		{948DB108-F965-418A-B674-9CD1FBC9E16A}.Debug|iPhoneSimulator.Build.0 = Debug|iPhoneSimulator
		{948DB108-F965-418A-B674-9CD1FBC9E16A}.Release|Any CPU.ActiveCfg = Release|iPhoneSimulator
		{948DB108-F965-418A-B674-9CD1FBC9E16A}.Release|Any CPU.Build.0 = Release|iPhoneSimulator
		{948DB108-F965-418A-B674-9CD1FBC9E16A}.Release|iPhone.ActiveCfg = Release|iPhone
		{948DB108-F965-418A-B674-9CD1FBC9E16A}.Release|iPhone.Build.0 = Release|iPhone
		{948DB108-F965-418A-B674-9CD1FBC9E16A}.Release|iPhoneSimulator.ActiveCfg = Release|iPhoneSimulator
		{948DB108-F965-418A-B674-9CD1FBC9E16A}.Release|iPhoneSimulator.Build.0 = Release|iPhoneSimulator
		{7C55F687-9F4A-4BA5-BACB-59117B85AB3D}.Ad-Hoc|Any CPU.ActiveCfg = Release|Any CPU
		{7C55F687-9F4A-4BA5-BACB-59117B85AB3D}.Ad-Hoc|Any CPU.Build.0 = Release|Any CPU
		{7C55F687-9F4A-4BA5-BACB-59117B85AB3D}.Ad-Hoc|iPhone.ActiveCfg = Debug|Any CPU
		{7C55F687-9F4A-4BA5-BACB-59117B85AB3D}.Ad-Hoc|iPhone.Build.0 = Debug|Any CPU
		{7C55F687-9F4A-4BA5-BACB-59117B85AB3D}.Ad-Hoc|iPhoneSimulator.ActiveCfg = Release|Any CPU
		{7C55F687-9F4A-4BA5-BACB-59117B85AB3D}.Ad-Hoc|iPhoneSimulator.Build.0 = Release|Any CPU
		{7C55F687-9F4A-4BA5-BACB-59117B85AB3D}.AppStore|Any CPU.ActiveCfg = Release|Any CPU
		{7C55F687-9F4A-4BA5-BACB-59117B85AB3D}.AppStore|Any CPU.Build.0 = Release|Any CPU
		{7C55F687-9F4A-4BA5-BACB-59117B85AB3D}.AppStore|iPhone.ActiveCfg = Debug|Any CPU
		{7C55F687-9F4A-4BA5-BACB-59117B85AB3D}.AppStore|iPhone.Build.0 = Debug|Any CPU
		{7C55F687-9F4A-4BA5-BACB-59117B85AB3D}.AppStore|iPhoneSimulator.ActiveCfg = Release|Any CPU
		{7C55F687-9F4A-4BA5-BACB-59117B85AB3D}.AppStore|iPhoneSimulator.Build.0 = Release|Any CPU
		{7C55F687-9F4A-4BA5-BACB-59117B85AB3D}.Debug|Any CPU.ActiveCfg = Debug|Any CPU
		{7C55F687-9F4A-4BA5-BACB-59117B85AB3D}.Debug|Any CPU.Build.0 = Debug|Any CPU
		{7C55F687-9F4A-4BA5-BACB-59117B85AB3D}.Debug|iPhone.ActiveCfg = Debug|Any CPU
		{7C55F687-9F4A-4BA5-BACB-59117B85AB3D}.Debug|iPhone.Build.0 = Debug|Any CPU
		{7C55F687-9F4A-4BA5-BACB-59117B85AB3D}.Debug|iPhoneSimulator.ActiveCfg = Debug|Any CPU
		{7C55F687-9F4A-4BA5-BACB-59117B85AB3D}.Debug|iPhoneSimulator.Build.0 = Debug|Any CPU
		{7C55F687-9F4A-4BA5-BACB-59117B85AB3D}.Release|Any CPU.ActiveCfg = Release|Any CPU
		{7C55F687-9F4A-4BA5-BACB-59117B85AB3D}.Release|Any CPU.Build.0 = Release|Any CPU
		{7C55F687-9F4A-4BA5-BACB-59117B85AB3D}.Release|iPhone.ActiveCfg = Release|Any CPU
		{7C55F687-9F4A-4BA5-BACB-59117B85AB3D}.Release|iPhone.Build.0 = Release|Any CPU
		{7C55F687-9F4A-4BA5-BACB-59117B85AB3D}.Release|iPhoneSimulator.ActiveCfg = Release|Any CPU
		{7C55F687-9F4A-4BA5-BACB-59117B85AB3D}.Release|iPhoneSimulator.Build.0 = Release|Any CPU
	EndGlobalSection
	GlobalSection(SolutionProperties) = preSolution
		HideSolutionNode = FALSE
	EndGlobalSection
	GlobalSection(ExtensibilityGlobals) = postSolution
		SolutionGuid = {E2884875-5FE2-4124-AF53-DE8E7B2D0FA9}
	EndGlobalSection
EndGlobal
